{
  "name": "treeage-upgradeable",
  "version": "2.0.0",
  "lockfileVersion": 3,
  "requires": true,
  "packages": {
    "": {
      "name": "treeage-upgradeable",
      "version": "2.0.0",
      "engines": {
        "node": ">=22 <25",
        "npm": ">=10"
      },
      "devDependencies": {
        "@nomicfoundation/hardhat-toolbox": "^5.0.0",
        "@openzeppelin/contracts-upgradeable": "^5.4.0",
        "@openzeppelin/hardhat-upgrades": "^3.9.1",
        "dotenv": "^16.4.7",
        "hardhat": "^2.26.3"
      }
    }
  }
}
